# This file was autogenerated by uv via the following command:
#    uv export --format requirements-txt --all-extras --no-emit-project --output-file requirements.lock
aistudio-sdk==0.3.9 \
    --hash=sha256:41621d052ddb7a58643438a7ca541f58ef0ab94a2acdfff0a71db81bf68dc027
    # via paddlex
annotated-types==0.8.0 \
    --hash=sha256:13b2beaad985e05e2d6407ee4c4f35590b11f8d693a258a561055cac8f64cab7 \
    --hash=sha256:f072f4d804ea359e4eaf198b1af7a8b0943881a87f31bb764f8bf219bb9419e0
    # via pydantic
anyio==4.15.1 \
    --hash=sha256:6152fdbbf9a77fdec97731721bebf7c4c44f7c29b424b0065826173efc7ed101 \
    --hash=sha256:9f28306018cbd6d329e64a36d58256edff76dd996fe423bc957326e578b82a94
    # via httpx
attrs==26.1.0 \
    --hash=sha256:c647aa4a12dfbad9333ca4e71fe62ddc36f4e63b2d260a37a8b83d2f043ac309 \
    --hash=sha256:d03ceb89cb322a8fd706d4fb91940737b6642aa36998fe130a9bc96c985eff32
    # via
    #   outcome
    #   trio
bce-python-sdk==0.9.79 \
    --hash=sha256:71799ac8740505e0759d30873f6f1a478fa8f83aedf425d511f1419a5f30082e \
    --hash=sha256:cd77476b43347ed28d0211d5ad557e524e1ec648bd093d57c6a6d3de075a7508
    # via aistudio-sdk
certifi==2026.7.22 \
    --hash=sha256:62f22742b58a1a33014a2b6b706588a8d7e2a88ae7bd1a6ebe8c992928483775 \
    --hash=sha256:741e2c3b351ddf169a738da9f2c048608ff7f2c5cc02f1ebc6b118bb090d5d55
    # via
    #   httpcore
    #   httpx
    #   requests
    #   selenium
cffi==2.1.1 ; (implementation_name != 'pypy' and os_name == 'nt' and sys_platform != 'darwin' and sys_platform != 'linux') or (os_name != 'nt' and platform_python_implementation != 'PyPy') or (platform_python_implementation != 'PyPy' and sys_platform == 'darwin') or (platform_python_implementation != 'PyPy' and sys_platform == 'linux') or (platform_python_implementation != 'PyPy' and sys_platform != 'darwin' and sys_platform != 'linux') \
    --hash=sha256:046bfc24911b37851ee1b51aab8bffe713d89c68c6a057b09484ce9fd5f69b4e \
    --hash=sha256:208f941bb9d18e768138677f0a6d2ce01f590df56043dda1df1535ac57c88517 \
    --hash=sha256:210019b6c7cf07f081b4c54635c8cf744377001350e29cc0f81c4377b4797735 \
    --hash=sha256:3143d81e29e1e20a9ce10901ec369012947876596f75a222235965f2b7ae832e \
    --hash=sha256:4a7c934f7360e8cd64fe9efadcbd10c7c6364f531e432b9a4bf5ccbc9e0e8b50 \
    --hash=sha256:68e62fe11f30d5ca8289242866f0a5291402d8529ca2178ab8afc5c9694ae890 \
    --hash=sha256:7bde5e4cc5c10140859842b9d383af292b22639a4dffb725314baf45968cef80 \
    --hash=sha256:811bd1e21d32de12efca32393a0ab3f5133b54fce9bd44b8bd77ab07da14bf6a \
    --hash=sha256:c1453022f490d2459a11819d83ad1d586e9ff65a12ac3e705ffebd46d3685dcf \
    --hash=sha256:c8c69575568085ba0b1b10c0249d779a214aea6f6522e949a0fc9fb0fcb449d0 \
    --hash=sha256:dd31f52ea1086513bb9df30f8fcee9b8918323ae067a3d5b78bc826a000712be \
    --hash=sha256:f53e442b08449d42821fa4a4fba000095af9f62742a500f978a9f557ec44339a \
    --hash=sha256:f81b3b8f3d4e343550fa4baa0e479bba9f2d29ce9c2e9b51d1ce1718d7442fcf
    # via
    #   cryptography
    #   trio
chardet==7.6.0 \
    --hash=sha256:19fea52164e6e00f2a21ed418f42e4b0162a09199274c86d07ad3efd661317c4 \
    --hash=sha256:249993b88ac7a58cad2781acea8f379152a28a719c9b401d614898c63a8c83da \
    --hash=sha256:2cf0adaca8b1c4bacfade9d0a1e4f8f70b1bb122833d6f07ab90e3adc84eb13a \
    --hash=sha256:406936df1328a3284fef366eaa2bfd1cccd0ef1b10cb99781dd5b022ea644b84 \
    --hash=sha256:4076d795897ce45239825956a1334e134322ecc4bfe84dbb12acd5390de0fbc1 \
    --hash=sha256:93d9df6089ded42ed1fe9f57e272c0b74bd0464d45c0c7d50f09f26f31105c3c \
    --hash=sha256:a12023d48d0e207791c01161d03cb3c0d85c6a15f345eb9d3d56063a63d1e40f \
    --hash=sha256:cf6d08c2373b7772a558d141f9e8cee53fe1d222341bac612e4d558b04995f73
    # via paddlex
charset-normalizer==3.5.1 \
    --hash=sha256:1d1c7a53a6c2103925cdd6d7229f8c567379f211c869793df679f2e9f738c369 \
    --hash=sha256:2f293479cce755c75f1697e87c409b7ae4c555c7dfecb6e988ad13abba943031 \
    --hash=sha256:343fb4f2821043bd87095f7b08a1a181febc8e36ac64212143bbfd0a0e1bc235 \
    --hash=sha256:3588e376b3ea2eea84976f67273d679f229e24c66dce7b82ae45aef04ff6e072 \
    --hash=sha256:36047af20e17097c3bb9476c2b7655f2f7aa51322c0ba58c07695bedf755a950 \
    --hash=sha256:3617ac3cfd8b9888f145ad89dd6e692285834b0201c6074a5eeaad3fd4d668c2 \
    --hash=sha256:41876ee62a3dddf48ff1121ad8f0798032aa03f2fd35f21f34a4cab14f18d8d2 \
    --hash=sha256:4582c27e8c889d64811987b5967fbd3ae0c823fe1fd933b543d55ac20bb475fa \
    --hash=sha256:4abdc5f9ad448c1ecbfae2974b820535d6bc6e7eef63babbab3d81cf46968c71 \
    --hash=sha256:4b599739b93b2cbeded49645ae3c8d1405c29ddfbceac1545c87a3f9580a9e96 \
    --hash=sha256:4c4fb141a727957c93edfe5c32a26ceb6b5f6461d67146e2d39f51e16170bea8 \
    --hash=sha256:5b6d1386bf0096d26d3a863dc0a487a5b4eb9aa93cf5ba69683d29dde6b9d60f \
    --hash=sha256:5d8531a6569d025f68e2321e7638fb7978f23db58e5f69f56913837aae03816e \
    --hash=sha256:6117b84ea48435e5356dc737f5121485c30920ba43375fa7b434fd753df0eac3 \
    --hash=sha256:6df0ec430f9a831772c23ca5a224cba36517a58a84bb32c32bb59a9fa67c47f6 \
    --hash=sha256:70055ff39b97c99e7ae40ea3e393fb62aa2e44dbd9b29f8d14f42fb0025c3959 \
    --hash=sha256:7235dc28fc6dd9d832ac7c7bce95367dedb85929f17368a0c2bee1e080b9acbf \
    --hash=sha256:7c0c10730342b0c9b35dd1d619beb8214e520bd96a1f870f452680b238aab3e0 \
    --hash=sha256:87e4f41d375c0b9be2fb5251aee4b8a689169e134535aed81bf085c3b647451e \
    --hash=sha256:88e85ab89cb822c1e635f51d6d32e488f94e002e70e2f492bdb8b945543f345a \
    --hash=sha256:96fef3e886d6a9874b14f27fc193fbdc69d5d8035783d86aa4e1cea594e695f9 \
    --hash=sha256:a2028475ba855475b8b4d3cfeb4994269c967aea8b9892dfba907f4263a863a3 \
    --hash=sha256:a6dac12ff6b846103483683f60c5f8fee205121adc58ffd87e90a90a3af69e99 \
    --hash=sha256:aae2ee51122d3ae968a3837d97dc24a0aeebb0dea23694422cd172bd30017cd6 \
    --hash=sha256:ae4a097991662cd4fff0ddc74e0fe7874f82e00042fa0ea00855645ed0c79598 \
    --hash=sha256:b39b69b347e5e47a3b5b8cfc005c68c1ba347474e3960236c4944a8ecd174962 \
    --hash=sha256:b9af956078716df40d985fb0dfeb2c2120c5ca92ba4ff4b388acfd01cdc14d08 \
    --hash=sha256:ba501e667c17d8411f98e67a022d9604ef179aff0e459b7e292c796837c13573 \
    --hash=sha256:cee5dd7c6fb5dd52a0fe2a740f9bc6e3593f5f8b1788bde49de02086f30182b2 \
    --hash=sha256:cfa1c0cc3a8f9f53f1243a5a99ac36fd003880199383b37672e86ddda9cb07e2 \
    --hash=sha256:dd732602a7009217f658d5863d12d79d373a4de0eebc111094bcdd3bb8e0a6cc \
    --hash=sha256:e199fb99720074809a7720f1c0b4d919eea8b87e88713e0f8f602f7bef543d9d \
    --hash=sha256:e6621fb2a4988d6e53eedc455e5903e2679f3967b8acb3d639f1b63c14a2e893 \
    --hash=sha256:f9f8405c2c758532c74fed975dbee57be1f31a6e865c031870c79a6ed3212ada
    # via requests
click==8.5.0 \
    --hash=sha256:255bc9599cf7748b4b1a446ccc735421bd08a2ae529a8b88597d3de5664ee360 \
    --hash=sha256:ba0d2089de75ea0310e2dde03160e6ca10009947fb95a182f9b54021bb272e34
    # via
    #   aistudio-sdk
    #   huggingface-hub
colorama==0.4.6 ; sys_platform == 'win32' \
    --hash=sha256:08695f5cb7ed6e0531a20572697297273c47b8cae5a63ffc6d6ed5c201be6e44 \
    --hash=sha256:4f1d9991f5acc0ca119f9d443620b77f9d6b33703e51011c16baf57afb285fc6
    # via
    #   colorlog
    #   pytest
    #   tqdm
colorlog==6.12.0 \
    --hash=sha256:2a7924c1dadf18b22a0eb8b06d1c7b01d5341707ec1641eb6fcc4fde0c3e8e5f \
    --hash=sha256:30d392604e9110045a2c2aeefc27d7a017abbab63f3a8aee594eac0801df784e
    # via paddlex
crc32c==2.9 \
    --hash=sha256:147adf3cce798ffae2ae737b240fb3c62fffd3579efdd8226e7af84b7ae42b26 \
    --hash=sha256:364a6e754e228c6123c745ac38f2cb8389e9a2461c17fcbede7fedb6e3bb8641 \
    --hash=sha256:790545690c4798ff628db970f31a27aff12a79dafd8e2aaa03a34157b81879bf \
    --hash=sha256:8828d7aaf53eff93ab5fe3507e11184be39bc719555c9fe17404df894a26fdd0 \
    --hash=sha256:a2348add3f702b0a0cb035db54ee8cddb773610c9b44234a3c2465f5d3cb8079 \
    --hash=sha256:a2669c0993b8f2a3133526b4208f78b70447200c4d87f89159f184fc2e9e2db3 \
    --hash=sha256:c16d6eb17c90a6574655f3717767e4362ba01b95769155411096fde37c86274c \
    --hash=sha256:d6d2ae0299a417e5fb2e3641838cec34a23778a62fb4ce928792366476c1983b \
    --hash=sha256:da60a865d6592935acee05a7166058a38dce78a816b9325440bc734d8d430b33 \
    --hash=sha256:e79a247d2d2e574531b55a69deb2f9d48c36693ca4e95007252fab4c7c66d3b1 \
    --hash=sha256:fa0ebd0d365d8cb1cd202a053b5cb8ffa07c9ecc8c38728f116b97e116cc8ec5
    # via bce-python-sdk
cryptography==50.0.1 \
    --hash=sha256:01f41478cf33fc605a6a089cd56d28b45c6c0b45a1928b61797f2621a04bac71 \
    --hash=sha256:05ba322c4da95b262a212c345af888ef2c37c88c0509756ea00a0e6d68850f23 \
    --hash=sha256:2a93d05e34d5f67fba6f891fe85d929999baa7195e853923ea6d7576c9e68c5e \
    --hash=sha256:2b34d76a652ea2b6faf777c35df230c5637842cd904e04f16230c3f9f03e4361 \
    --hash=sha256:2ebbfb0f1fed745e91796e3e1080a1440423fdae8ece1b995a1d80883a409054 \
    --hash=sha256:359e62deae718bce96170e223fdcb6357e4fbd3bb7a3a75f4430763532560e49 \
    --hash=sha256:407fe2b6db00939c05c0e945e9914238f2f0a430974839429dafc82b1ee6bee5 \
    --hash=sha256:4c4188f7c0cf655be5c06342b817ed0f9595b69ffa2b12026e5353eed29dea88 \
    --hash=sha256:51593d180cf6d179bde5c5d065bed81386b1f381656ae7d042b7ffc87a9895ad \
    --hash=sha256:51afcfceb15597cf2635068e4ac9a56b2abde622edde17f37d85fd7b5306497a \
    --hash=sha256:53e279950892dc102c6b4e52af03ae5ea92fac572a1ddab78ca73a997f62b69f \
    --hash=sha256:55d16b1ef3ee0958d893a977b19777887e546c9954ea81b200c3301a864013f2 \
    --hash=sha256:5dd9bda1c12b4162f6ff568eeb5e0ff956c28d14406e875cfe8a63a2d414ff20 \
    --hash=sha256:5fe002589592ed749ce77fe0695fcbd3500dd61d7d6db5858a7544c612fa8e45 \
    --hash=sha256:76de83fbd91ac49c0feaaa983d0748fd7a53176afac5fb3bf7478d244f0eb527 \
    --hash=sha256:9dde0a357190eb3b1da1bb9ab750e9c85cba82ca5977aa0836cbb94e92611239 \
    --hash=sha256:9ebcdd5519be9b652a46f507817a74591774fc3d6923ac364e4dfa64e36b291b \
    --hash=sha256:aed8db4f6d71c51efb89530e12d9464e7bf2923d46c3205dc794a2a93f8c0648 \
    --hash=sha256:b8f852c65863251b9e3a1b8c150ce21e59b522dbb6a7d4bc80e680d38388e986 \
    --hash=sha256:be224a65493ec5b74a158ff22a5522ce4a5ca1e543c647a3a4730d4a09e5f959 \
    --hash=sha256:ca83d00d9e69cd5eb63f2e69c3a5a59e0cecae5ae14c6ae0b35830fe3b37bad0 \
    --hash=sha256:e22dfed744bd4002e909464cb23d2f0b05c6f3113a79ef2e9864a53db737c733 \
    --hash=sha256:e2ca8fd1b6b4b82a1c4cb02841d0837e3c12336c2e24b520ab8ab3b969733d8f \
    --hash=sha256:e74591e283fe6eb956416c929eb58262a719fe0311fd9054c62c3350ed8760d8 \
    --hash=sha256:fc3ed7ebd2a8c96f5b166de0ab9b624996bef3b07bbeb19364dfb78222c22c80 \
    --hash=sha256:fd3718b960d0b5dd213cdf03f3bcb7000e69dda0de8b956061947ff6bcff5558 \
    --hash=sha256:ff838d62ec1bfce4f9ba7fa16f4a7b554cd8d0c299e6be37502161a660c84eef
    # via modelscope-hub
et-xmlfile==2.0.0 \
    --hash=sha256:7a91720bc756843502c3b7504c77b8fe44217c85c537d85037f0f536151b2caa \
    --hash=sha256:dab3f4764309081ce75662649be815c4c9081e88f0837825f90fd28317d4da54
    # via openpyxl
filelock==3.32.5 \
    --hash=sha256:142cd9fa77a872c5e78c62329a0d15278fadc686eb89e760017968961a4fd6b2 \
    --hash=sha256:f6a6a28f743f9b95ce19db5abe0f376f75eb56517dff21e1a4751e2657d3e83d
    # via
    #   huggingface-hub
    #   modelscope
    #   modelscope-hub
    #   paddlex
fsspec==2026.7.0 \
    --hash=sha256:b57ddbafedfaef7018c1ecab32aa200a9d7ca26b77965f64e48b70061249d279 \
    --hash=sha256:c803c40f4cf860b49dea58ee3e1c33cb9c790520e233537e1340049f89b82a88
    # via huggingface-hub
future==1.0.0 \
    --hash=sha256:929292d34f5872e70396626ef385ec22355a1fae8ad29e1a734c3e43f9fbc216 \
    --hash=sha256:bd2968309307861edae1458a4f8a4f3598c03be43b97521076aebf5d94c07b05
    # via bce-python-sdk
h11==0.16.0 \
    --hash=sha256:4e35b956cf45792e4caa5885e69fba00bdbc6ffafbfa020300e549b208ee5ff1 \
    --hash=sha256:63cf8bbe7522de3bf65932fda1d9c2772064ffb3dae62d55932da54b31cb6c86
    # via
    #   httpcore
    #   wsproto
hf-xet==1.6.0 ; platform_machine == 'AMD64' or platform_machine == 'aarch64' or platform_machine == 'amd64' or platform_machine == 'arm64' or platform_machine == 'x86_64' \
    --hash=sha256:0e6e21fa3cdfcdcd76748564bf593870a5e013f47d97cf10aed63aa222cff5b7 \
    --hash=sha256:2e58454a340b3556dfa4972d5451aff4fba8dd42a236600ba1a1d2b1514f0fef \
    --hash=sha256:3dc3e35441ba395006af5aaacc40ef2e603c51ef46c3530b9156185f00935ea3 \
    --hash=sha256:4fc74352a17015bd0ee90038bc9efe38db894cde45f268b6712b04fce8cd0acb \
    --hash=sha256:633dc0cd71d32da58ab8c03ad38e2fac452c15c2b0a2866ebf6ededfe0a5061d \
    --hash=sha256:8fb4f71cba6129110c3374a33f919001ff130488fc23553698e34cc1c2a1198c \
    --hash=sha256:d62671bb130879cef0ee4c9ebe47a14af6c66ec53e6d84dc15936e5ffdfac82f \
    --hash=sha256:f0906082d9932ae0c0057fa194041c22b4e2cdb46b2592ef3b91f020d62a081a \
    --hash=sha256:fb4fadde1b2b70bf4c0c14a6dccbe7194b1c28947fefd5bbe3fed9d940676c3b
    # via huggingface-hub
httpcore==1.0.9 \
    --hash=sha256:2d400746a40668fc9dec9810239072b40b4484b640a8c38fd654a024c7a1bf55 \
    --hash=sha256:6e34463af53fd2ab5d807f399a9b45ea31c3dfa2276f15a2c3f00afff6e176e8
    # via httpx
httpx==0.28.1 \
    --hash=sha256:75e98c5f16b0f35b567856f597f06ff2270a374470a5c2392242528e3e3e42fc \
    --hash=sha256:d909fcccc110f8c7faf814ca82a9a4d816bc5a6dbfea25d6591d6985b8ba59ad
    # via
    #   huggingface-hub
    #   paddlepaddle
huggingface-hub==1.30.0 \
    --hash=sha256:96ae0a8e99a234374a6fe43e989ebd21c04640b91ab2927e7e5773ba1131ca59 \
    --hash=sha256:e6a6120bc8c8e2723d03648434ee247088cceb55ba7067e7d34d692cad5fdb57
    # via paddlex
idna==3.19 \
    --hash=sha256:5e0811a4383b21dc5838069f801c4fb62113b7447663d2530d2bd6e77b49bf15 \
    --hash=sha256:815e7be7a7806d54abb586dc943addc79e8b2ee16915059658cbeff4b1b43bf4
    # via
    #   anyio
    #   httpx
    #   requests
    #   trio
imagesize==2.0.1 \
    --hash=sha256:b2ba6a4dea487a7ebcd53248d3476aca449d30db12a2dde5e0c5ca9624fd77e5 \
    --hash=sha256:ea0c9a0384df69ed86a943a15cde37d0360b82491b3910dc2215e202e62b5b02
    # via paddlex
iniconfig==2.3.0 \
    --hash=sha256:c76315c77db068650d49c5b56314774a7804df16fee4402c1f19d6d15d8c4730 \
    --hash=sha256:f631c04d2c48c52b84d0d0549c99ff3859c98df65b3101406327ecc7d53fbf12
    # via pytest
librt==0.15.0 ; platform_python_implementation != 'PyPy' \
    --hash=sha256:1e47b8ba865d7ede071a91a7163073bbaeb72541f1ef8a07d512c45c7b5007f2 \
    --hash=sha256:4e66cbe84437497d951b799d3e1551291b6fb3d643820a7014b3655d57a59162 \
    --hash=sha256:5500eeae393a184d14e1f35645962c27129d20c81afa4069e6ef826ebc2b3aaa \
    --hash=sha256:59fe030d8ae4a57e3fb7756bf35a858de74e04066fc8555c53d0af979132af81 \
    --hash=sha256:5a6526a2a956bbb1e4ae3568c82e650fc99119c66bb011ea60715744955a2b4d \
    --hash=sha256:6ecfc32dfb46fb7b565bcd6abf9412acf978775a998273d22888a6d7953730dd \
    --hash=sha256:71599e011ac880e8e45d46047d714871894c7d4ab6f25626f8d4f89da21f368d \
    --hash=sha256:73b30cfa976659b3917c8f6153bdb0591c6a9ec6583599fd24a689b690622022 \
    --hash=sha256:85ea21ec6730194d67156b0e0b5430ccb1d61f8b8b907e39b37f9812b74a13f0 \
    --hash=sha256:89cc46cfd15022e35084355478c9ac809d90b1152222706ac9a7655ec21df6fa \
    --hash=sha256:a5207ec414d1c4a2a7231b2086970dc036f94293cdf338190984958a013a42f1 \
    --hash=sha256:a54cf9e0ef47b96af580849db5471142200568ce1e02cbf416addab551369570 \
    --hash=sha256:c802434092b769b1d613ed2e13fac15fbfce1934a74bd10283b03c0fae231cd1 \
    --hash=sha256:cc30523e3f1a23fb7511cc659834a0d01a1042bb9de359bc1c131cc4ec6c9656 \
    --hash=sha256:d5f51401d102c885b9ca509e62c79b1dbff286e1b9b047fde6f763780789356d \
    --hash=sha256:e87bc679f86a99aa3b26e3c78eeb821a247c9a28eae48eaafcc32c3bf4c3bb9e
    # via mypy
modelscope==1.39.1 \
    --hash=sha256:40cc02051e4cd67931c70f1956b2a22efc1b35f2a432b5110204406d4a28e17f \
    --hash=sha256:c1567b9d319b11d815832d13c11f71a6413b19cf6374cef6937c54d830552a97
    # via paddlex
modelscope-hub==0.4.0 \
    --hash=sha256:5be8a9a317871e45bd34e9e82ea18b0f831e48d79763b600255b869c396025b2 \
    --hash=sha256:deab83b5cc6991fa7889e87c1f99d61f26ba57a02ec6d5b5156afa198eaa170f
    # via modelscope
mypy==1.20.2 \
    --hash=sha256:34397cdced6b90b836e38182076049fdb41424322e0b0728c946b0939ebdf9f6 \
    --hash=sha256:4b6481b228d072315b053210b01ac320e1be243dc17f9e5887ef167f23f5fae4 \
    --hash=sha256:4dbfcf869f6b0517f70cf0030ba6ea1d6645e132337a7d5204a18d8d5636c02b \
    --hash=sha256:56908d7e08318d39f85b1f0c6cfd47b0cac1a130da677630dac0de3e0623e102 \
    --hash=sha256:785b08db19c9f214dc37d65f7c165d19a30fcecb48abfa30f31b01b5acaabb58 \
    --hash=sha256:a5da6976f20cae27059ea8d0c86e7cef3de720e04c4bb9ee18e3690fdb792066 \
    --hash=sha256:a94c5a76ab46c5e6257c7972b6c8cff0574201ca7dc05647e33e795d78680563 \
    --hash=sha256:d52ad8d78522da1d308789df651ee5379088e77c76cb1994858d40a426b343b9 \
    --hash=sha256:e8222c26daaafd9e8626dec58ae36029f82585890589576f769a650dd20fd665
mypy-extensions==1.1.0 \
    --hash=sha256:1be4cccdb0f2482337c4743e60421de3a356cd97508abadd57d47403e94f5505 \
    --hash=sha256:52e68efc3284861e772bbcd66823fde5ae21fd2fdb51c62a211403730b916558
    # via mypy
networkx==3.6.1 \
    --hash=sha256:26b7c357accc0c8cde558ad486283728b65b6a95d85ee1cd66bafab4c8168509 \
    --hash=sha256:d47fbf302e7d9cbbb9e2555a0d267983d2aa476bac30e90dfbe5669bd57f3762
    # via paddlepaddle
numpy==2.3.5 \
    --hash=sha256:0d8163f43acde9a73c2a33605353a4f1bc4798745a8b1d73183b28e5b435ae28 \
    --hash=sha256:3101e5177d114a593d79dd79658650fe28b5a0d8abeb8ce6f437c0e6df5be1a4 \
    --hash=sha256:3997b5b3c9a771e157f9aae01dd579ee35ad7109be18db0e85dbdbe1de06e952 \
    --hash=sha256:51c1e14eb1e154ebd80e860722f9e6ed6ec89714ad2db2d3aa33c31d7c12179b \
    --hash=sha256:612a95a17655e213502f60cfb9bf9408efdc9eb1d5f50535cc6eb365d11b42b5 \
    --hash=sha256:74ae7b798248fe62021dbf3c914245ad45d1a6b0cb4a29ecb4b31d0bfbc4cc3e \
    --hash=sha256:784db1dcdab56bf0517743e746dfb0f885fc68d948aba86eeec2cba234bdf1c0 \
    --hash=sha256:86945f2ee6d10cdfd67bcb4069c1662dd711f7e2a4343db5cecec06b87cf31aa \
    --hash=sha256:8b973c57ff8e184109db042c842423ff4f60446239bd585a5131cc47f06f789d \
    --hash=sha256:b46b4ec24f7293f23adcd2d146960559aaf8020213de8ad1909dba6c013bf89c \
    --hash=sha256:ee3888d9ff7c14604052b2ca5535a30216aa0a58e948cdd3eeb8d3415f638769 \
    --hash=sha256:f28620fe26bee16243be2b7b874da327312240a7cdc38b769a697578d2100013
    # via
    #   opencv-contrib-python
    #   opt-einsum
    #   paddlepaddle
    #   paddlex
    #   pandas
    #   shapely
opencv-contrib-python==4.10.0.84 \
    --hash=sha256:040575b69e4f3aa761676bace4e3d1b8485fbfaf77ef77b266ab6bda5a3b5e9b \
    --hash=sha256:2a36257ec1375d1bec2a62177ea39828ff9804de6831ee39646bdc875c343cec \
    --hash=sha256:47ec3160dae75f70e099b286d1a2e086d20dac8b06e759f60eaf867e6bdecba7 \
    --hash=sha256:4a3eae0ed9cadf1abe9293a6938a25a540e2fd6d7fc308595caa5896c8b36a0c \
    --hash=sha256:a261223db41f6e512d76deaf21c8fcfb4fbbcbc2de62ca7f74a05f2c9ee489ef \
    --hash=sha256:dea80d4db73b8acccf9e16b5744bf3654f47b22745074263f0a6c10de26c5ef5 \
    --hash=sha256:ee4b0919026d8c533aeb69b16c6ec4a891a2f6844efaa14121bf68838753209c
    # via paddlex
openpyxl==3.1.5 \
    --hash=sha256:5282c12b107bffeef825f4617dc029afaf41d0ea60823bbb665ef3079dc79de2 \
    --hash=sha256:cf0e3cf56142039133628b5acffe8ef0c12bc902d2aadd3e0fe5878dc08d1050
    # via mrtg-automation
opt-einsum==3.3.0 \
    --hash=sha256:2455e59e3947d3c275477df7f5205b30635e266fe6dc300e3d9f9646bfcea147 \
    --hash=sha256:59f6475f77bbc37dcf7cd748519c0ec60722e91e63ca114e68821c0c54a46549
    # via paddlepaddle
outcome==1.3.0.post0 \
    --hash=sha256:9dcf02e65f2971b80047b377468e72a268e15c0af3cf1238e6ff14f7f91143b8 \
    --hash=sha256:e771c5ce06d1415e356078d3bdd68523f284b4ce5419828922b6871e65eda82b
    # via
    #   trio
    #   trio-websocket
packaging==26.3 \
    --hash=sha256:94edc256424af38762eb31306eed28beb9f0efc50a8837492c9d6fd6004aed79 \
    --hash=sha256:d7193f7c8e4e93f444fde0262bf90af30e16fa0ad0ad44cb553c87339b23cd1c
    # via
    #   huggingface-hub
    #   modelscope
    #   paddlex
    #   pytest
    #   webdriver-manager
paddleocr==3.5.0 \
    --hash=sha256:4c5b725f4a127e05a7cf9ba3e795de95027a0c0879cfacf5ff29196cf85803e1 \
    --hash=sha256:7fbf81bc88547d4f3116710177691f7beaf3324c21cbbf20f5b1f355b5369c95
    # via mrtg-automation
paddlepaddle==3.2.0 \
    --hash=sha256:2c17f675a25ebd0675f703f7b82777ea92db0c360bd55a5c6b2dfaad7bc3f260 \
    --hash=sha256:4ce514114af7671875fc4927ea005afb9d5d0fd777aeb56a1078d22f7f4eb3fb \
    --hash=sha256:918e69c98a1310db08610f28a2d0812ea779ec819053c44cc55ce7dc72ab6ee6 \
    --hash=sha256:ac334af72d1b0d49d4c933cfd4eb42d73ec2dc7a6aaf2248c628643d419b6da7
    # via mrtg-automation
paddlex==3.5.2 \
    --hash=sha256:48f3532fe4b0f9d5bcc7027555293450f2b4ad3c6241b58eddcd1f2d909a5caa \
    --hash=sha256:5ffe7adc13cbbcd1dc6e5f7e15745825c3b5e0d6a6616f483af58fc7d226411d
    # via paddleocr
pandas==3.0.5 \
    --hash=sha256:25ff585b972a18ef1fe9ffa3ac6544d9950508aa76832e5147640b6022821e49 \
    --hash=sha256:2a29c53d85ea98c5e792c59ef82ee9fbe6ca902c0d0adb6b23f45ef894cd7bf6 \
    --hash=sha256:73fa87b08a7ef706f8aafda39ddaccf2a99047bea62d8c88a0361bcafb2237bc \
    --hash=sha256:80a611068e8a3ac23f7398c6c14eb46dc974e5cc9997f653e2dcfd1da74edd41 \
    --hash=sha256:a5ad3b02ed6bc7d7ae9b70804b2c6aa31827489d150f8e623ce82491b82085d7 \
    --hash=sha256:b2acb4650527eec6822c3dadb2b771277b65e7dae7a267d4bccf65fd1bb3fbce \
    --hash=sha256:c2e26bb46934b8a2ca0c3de1d3d606fc5f6746584791b2db264d58cf370e08dc \
    --hash=sha256:d373ce03ffd84010ed9839fa73672a9c8256990532e158440c0085db7d914b34 \
    --hash=sha256:dca3734d6ab7c906e6730f0788b0a1dbb9f2467731f9711f77995c8e9d62d712 \
    --hash=sha256:fa290c16964d4963fbfbc358928239cf3bd755b20e988ce944877def2f44471d
    # via paddlex
pathspec==1.1.1 \
    --hash=sha256:17db5ecd524104a120e173814c90367a96a98d07c45b2e10c2f3919fff91bf5a \
    --hash=sha256:a00ce642f577bf7f473932318056212bc4f8bfdf53128c78bbd5af0b9b20b189
    # via mypy
pillow==12.3.0 \
    --hash=sha256:0dd2064cbc55aaec028ef5fbb60fa47bb6c3e7918e07ff17935284b227a9d2df \
    --hash=sha256:331b624368d4f1d069149002f25f44bc61c8919ce8ddb3c45bdad8f6e2d89510 \
    --hash=sha256:3b8182a766685eaa002637e28b4ec8d6b18819a0c71f579bf0dbaa5830297cce \
    --hash=sha256:78cb2c6865a35ab8ff8b75fd122f6033b92a62c82801110e48ddd6c936a45d91 \
    --hash=sha256:a2b55dd6b2a4c4b7d87ffa56bdb33fdc5fdb9a462173861a7bc097f17d91cb09 \
    --hash=sha256:ba09209fbe443b4acccebe845d8a138b89a8f4fbaeedd44953490b5315d5e965 \
    --hash=sha256:d9c7f76c0673154f044e9d78c8655fb4213f6ca31a836df48b40fe5d187717b9 \
    --hash=sha256:dbce0b29841537a2fa4a214c2bbf14de3587c9680caa9b4e217568472490b28f \
    --hash=sha256:e491916b378fba47242221bb9ead245211b70d504f495d105d17b14a24b4907c \
    --hash=sha256:ffd0c5368496f41b0944be820fcb7a838aa6e623d250b01acf2643939c3f99d7
    # via
    #   mrtg-automation
    #   paddlepaddle
    #   paddlex
pluggy==1.6.0 \
    --hash=sha256:7dcc130b76258d33b90f61b658791dede3486c3e6bfb003ee5c9bfb396dd22f3 \
    --hash=sha256:e920276dd6813095e9377c0bc5566d94c932c33b27a3e3945d8389c374dd4746
    # via pytest
prettytable==3.18.0 \
    --hash=sha256:439217116152244369caf3d9f1caf2f9fe29b03bd79e88d2928c8e718c95d680 \
    --hash=sha256:b3346e0e6f79180833aebaac088ae926340586cf6d7d991b9eb125b65f72313a
    # via
    #   aistudio-sdk
    #   paddlex
protobuf==7.36.1 \
    --hash=sha256:0b53ce95272aad50ad25d7ff03373743209822e8ba42ea7fad27d2bee1547d00 \
    --hash=sha256:39c518c05586c016d7874ff6079ee115bcec1ea5fbb1d177fbf7867ef4c67e44 \
    --hash=sha256:3cf2ee25d006cee57294a1196ea43b37feb78e0dcd1e8af5c1aeddb777655aca \
    --hash=sha256:43d3d37b1eb24c113b9b7d02008cac44e423f00b611b7781ae998d7623972969 \
    --hash=sha256:51139351435d9b43d88a55eaa49fb6f737fbb478fb0cbf2cf694d1a04a9d3363 \
    --hash=sha256:7d951e46b3f963d6c264c367c437921de9d5aedd9c3f9612b9077736b4e3ad5c \
    --hash=sha256:97198b77e369a0abd8e262b8f6c7266c55ddb796a3a12c76d7b8881188ed83aa \
    --hash=sha256:d0f6470f0ce2b84e3feaea2d4b816378b37ba4d4aa08a274305373de93e2d524
    # via paddlepaddle
psutil==7.2.2 \
    --hash=sha256:0746f5f8d406af344fd547f1c8daa5f5c33dbc293bb8d6a16d80b4bb88f59372 \
    --hash=sha256:076a2d2f923fd4821644f5ba89f059523da90dc9014e85f8e45a5774ca5bc6f9 \
    --hash=sha256:1a7b04c10f32cc88ab39cbf606e117fd74721c831c98a27dc04578deb0c16979 \
    --hash=sha256:8c233660f575a5a89e6d4cb65d9f938126312bca76d8fe087b947b3a1aaac9ee \
    --hash=sha256:b0726cecd84f9474419d67252add4ac0cd9811b04d61123054b9fb6f57df6e9e \
    --hash=sha256:b58fabe35e80b264a4e3bb23e6b96f9e45a3df7fb7eed419ac0e5947c61e47cc \
    --hash=sha256:eb7e81434c8d223ec4a219b5fc1c47d0417b12be7ea866e24fb5ad6e84b3d988 \
    --hash=sha256:ed0cace939114f62738d808fdcecd4c869222507e266e574799e9c0faa17d486 \
    --hash=sha256:fd04ef36b4a6d599bbdb225dd1d3f51e00105f6d48a28f006da7f9822f2606d8
    # via aistudio-sdk
py-cpuinfo==9.0.0 \
    --hash=sha256:3cdbbf3fac90dc6f118bfd64384f309edeadd902d7c8fb17f02ffa1fc3f49690 \
    --hash=sha256:859625bc251f64e21f077d099d4162689c762b5d6a4c3c97553d56241c9674d5
    # via paddlex
pyclipper==1.4.0 \
    --hash=sha256:222ac96c8b8281b53d695b9c4fedc674f56d6d4320ad23f1bdbd168f4e316140 \
    --hash=sha256:3ef44b64666ebf1cb521a08a60c3e639d21b8c50bfbe846ba7c52a0415e936f4 \
    --hash=sha256:9882bd889f27da78add4dd6f881d25697efc740bf840274e749988d25496c8e1 \
    --hash=sha256:ce1f83c9a4e10ea3de1959f0ae79e9a5bd41346dff648fee6228ba9eaf8b3872 \
    --hash=sha256:d1e5498d883b706a4ce636247f0d830c6eb34a25b843a1b78e2c969754ca9037 \
    --hash=sha256:d1f807e2b4760a8e5c6d6b4e8c1d71ef52b7fe1946ff088f4fa41e16a881a5ca \
    --hash=sha256:f3672dbafbb458f1b96e1ee3e610d174acb5ace5bd2ed5d1252603bb797f2fc6
    # via paddlex
pycparser==3.0 ; (implementation_name != 'PyPy' and implementation_name != 'pypy' and os_name == 'nt' and sys_platform != 'darwin' and sys_platform != 'linux') or (implementation_name != 'PyPy' and os_name != 'nt' and platform_python_implementation != 'PyPy') or (implementation_name != 'PyPy' and platform_python_implementation != 'PyPy' and sys_platform == 'darwin') or (implementation_name != 'PyPy' and platform_python_implementation != 'PyPy' and sys_platform == 'linux') or (implementation_name != 'PyPy' and platform_python_implementation != 'PyPy' and sys_platform != 'darwin' and sys_platform != 'linux') \
    --hash=sha256:600f49d217304a5902ac3c37e1281c9fe94e4d0489de643a9504c5cdfdfc6b29 \
    --hash=sha256:b727414169a36b7d524c1c3e31839a521725078d7b2ff038656844266160a992
    # via cffi
pycryptodome==3.23.0 \
    --hash=sha256:11eeeb6917903876f134b56ba11abe95c0b0fd5e3330def218083c7d98bbcb3c \
    --hash=sha256:156df9667ad9f2ad26255926524e1c136d6664b741547deb0a86a9acf5ea631f \
    --hash=sha256:187058ab80b3281b1de11c2e6842a357a1f71b42cb1e15bce373f3d238135c27 \
    --hash=sha256:447700a657182d60338bab09fdb27518f8856aecd80ae4c6bdddb67ff5da44ef \
    --hash=sha256:507dbead45474b62b2bbe318eb1c4c8ee641077532067fec9c1aa82c31f84886 \
    --hash=sha256:53ecbafc2b55353edcebd64bf5da94a2a2cdf5090a6915bcca6eca6cc452585a \
    --hash=sha256:67bd81fcbe34f43ad9422ee8fd4843c8e7198dd88dd3d40e6de42ee65fbe1490 \
    --hash=sha256:aa0698f65e5b570426fc31b8162ed4603b0c2841cbb9088e2b01641e3065915b \
    --hash=sha256:c75b52aacc6c0c260f204cbdd834f76edc9fb0d8e0da9fbf8352ef58202564e2 \
    --hash=sha256:c8987bd3307a39bc03df5c8e0e3d8be0c4c3518b7f044b0f4c15d1aa78f52575 \
    --hash=sha256:cfb5cd445280c5b0a4e6187a7ce8de5a07b5f3f897f235caa11f1f435f182843 \
    --hash=sha256:dea827b4d55ee390dc89b2afe5927d4308a8b538ae91d9c6f7a5090f397af1aa
    # via bce-python-sdk
pydantic==2.13.5 \
    --hash=sha256:346a034f080da3755d8e9cb5e00e8b07de1d39e4f6e2c87d8ab7cafa0b269a73 \
    --hash=sha256:51a9c5f7b2f8e636f04c6cada605d9b6a3bf1348fdf945a3d8869b19bba0ee08
    # via
    #   mrtg-automation
    #   paddlex
pydantic-core==2.46.5 \
    --hash=sha256:013d6f3483d81e02e7c328831808f336c8596ee33b4bd4026b9ffb1e960b8942 \
    --hash=sha256:0fc5be0abd4a407e200d844b404e33639a554e7bd0d448e7b9ae181be4789ac2 \
    --hash=sha256:10416c15b8839ecc4ef4d0885da76da6fd0f67333a0eb8aff6d93c4b8f2910fc \
    --hash=sha256:18a09e1e1011b462f2e32774f25859ef1223d5c2b0546a633cf56654710721e0 \
    --hash=sha256:2bc9419666990c06d7397831f2126a1ecc3594aaa3ff7de5bf2d066802f4e07b \
    --hash=sha256:347ec774390c87326a2e4929d58d3f7e8763a104d5d35f4cd595a4c952366433 \
    --hash=sha256:4fdc8b93a41521988916eeaa271173fcca7fa0803d62f87675aac8dcec1c8e29 \
    --hash=sha256:5cb482e9e84c851f4e623fe4acc1ced89168cf1fe18f7089db4548c8f5bbb65b \
    --hash=sha256:5e81740c09e310f5aa5cbd3e434a01c154d4bef93241c7877b39f211d2b78ba8 \
    --hash=sha256:816ff0a6550ffc06c098ccd2e0698600f9aa7da192a79eaa6f9af504a35db869 \
    --hash=sha256:8e24d8f05fa2d28513d94e877e9c75ad66175376209b3977f916e240e623193c \
    --hash=sha256:a39ac25a9a2fa4072efdb429833c4a4c8009a51ff9eea3eeae131713cd27991e \
    --hash=sha256:b98134087d9de723658d17a42c7d0da8d6e2ef08015dee7dc93889047315f5e4 \
    --hash=sha256:b9fe6fb92520e3fd61f2e49000b6911b188824f089b75973ea06d6267f0b476d \
    --hash=sha256:c7ea57fc63aa7da93a1bd2d644e6577befae10c52c4e36377635eea1056a74f5 \
    --hash=sha256:d925f3d9afd05a8c0fb3a1031463a8d59ebe5e2afad297e29c78be19e13b4e62 \
    --hash=sha256:e652ab17569c94bff5475520f907b7148b8c24036a8ebbe5cf7cf7493d28579a \
    --hash=sha256:e9c134bb666dd54b778b9fc0d2b50cbb7f979b9e3716f26a88c9ab3b6fc1dd0f \
    --hash=sha256:efd62a42486f1bda5d24cb4f63d15a3c7768375fe83d36f9417b4ad7a2fb20b3 \
    --hash=sha256:f7b0ec93a2893de856652154d73b7ba622f26fa97726487dcac373de5f4c6084
    # via pydantic
pygments==2.21.0 \
    --hash=sha256:2363c69b61c4a97c838da3b130dcd6468f4848992b21a82f2a63ec34377137d9 \
    --hash=sha256:610ca751c9bc2492b38eb9a38a7fbc93edbbb2d7182edaf34e66ae493dee5c8c
    # via pytest
pyotp==2.10.0 \
    --hash=sha256:1df2f6a1bcc3bb0716172a5215ddc2f8c7c7fd26a13df9927d52e1746934836c \
    --hash=sha256:d01e9703443616b03c57c700b5cbffd56a1f929c1b0f8f03131bc78c1fca9d3f
    # via mrtg-automation
pypdfium2==5.13.0 \
    --hash=sha256:07f58e91b8c45ca144a1ff3008faf3c73ef8a5e9fb32988831788363288228cd \
    --hash=sha256:2abedfb5c70992b19c780ed58d7f7b929e8ce8ee52c9140158f44317c90ec6c7 \
    --hash=sha256:2ed32ff685f8e05e637c990bedbf5fca66727bf27718d8bc33eeab21ce0630d1 \
    --hash=sha256:3826e521e895648983cb9ee6b934d4bf51552600043984f84e9c2b3b14b696f3 \
    --hash=sha256:46b2f5be9e7ae941ee4216e3d20b66f9dc3d81944a3d57756272de5275204709 \
    --hash=sha256:47dcca2a8d507b5fd24f94c3c9d48fb379430f097bc20f01beff6c963ffbcedb \
    --hash=sha256:554a0b23376460af1410e3c915906895e2dac67a086b9e6ccde0643a795d3b0d \
    --hash=sha256:5c029d7163a91f264eafab51fb442a84a33efd9fd83d5a06c0136a7857a3cc8d \
    --hash=sha256:7ca2d8e31bd8d0d40c496416b7d8bea423388669ffd494929f50e8c3a82326b8 \
    --hash=sha256:81df25c1ab4c13ff773102d3cbea1967511d079123b067fc077bd0c4d57d91d8 \
    --hash=sha256:882f4bbd4b17a335b43603169a14cde9341de12b238acd5c39e690cbca7c4293 \
    --hash=sha256:9c777edba28d1d5fd15435ed3a78ee2fdb93dd069be37cb53b559bc122793770 \
    --hash=sha256:9ee8c2bb2e68b396ab4a763215ac100dacb6b96d0da5bebeb239a021aecc3a7e \
    --hash=sha256:ada81c36483cd61d07e32bc7814620ee96256b4f421b913f566861bf91800248 \
    --hash=sha256:b90b0a5ac310bb34db8eb848e58fcab4e201e124e3cf3cb1ccb7b85293e034af \
    --hash=sha256:bcd81394fe101405e026eedb3e40bef84635c1e5d974dd6036420eb6937753c6 \
    --hash=sha256:be2dccbde0ce7efe334ecd8f348df4308db360756ede4f0821d82dfc9a58caa8 \
    --hash=sha256:d33ee7077db67478b75efe4b5ea9610fb96c5416a0bc4949227f0f59c34dfcd9 \
    --hash=sha256:d66a32d89fa5b4a2715810171239eb194df4aba604727483ab760512f3c6a851 \
    --hash=sha256:d96929bde3bd64c771ab3558ca1ffd7704cc4d872ab92cd9f8f8b8a20f7f36b8 \
    --hash=sha256:d96beb7f379e6c76d874ca93fcd182ac3168dd499056407070f9927fb1061b8e \
    --hash=sha256:da5c7b74eebf40b5c1fbe1de01aa1edc8827a79fb1efd999616bc20dcaf77ba4
    # via paddlex
pyside6==6.11.2 \
    --hash=sha256:0444ac71d0791a19bded35f6d9a94515941f23a6eb7098ca45a1b64a338be697 \
    --hash=sha256:13a3c79816879d9743672a669f1988f74459a78f89a97a2624fae4fe059ffa3a \
    --hash=sha256:3201d67e3c10be2eaedd3910ff0f02351eca7e88c95a291cde5e7f2f55ef207f \
    --hash=sha256:57fe867a6c93821a085d74e8a26f863fc2363516848181c466032595b33b1729 \
    --hash=sha256:dc6d03990489a5085842770718392ef5de36352d8f608d9a9fe03e60af4d7b66
    # via mrtg-automation
pyside6-addons==6.11.2 \
    --hash=sha256:354c574a839f7d0751960ba03f33bec87c95e0f2796dca3287f54d03abe97dac \
    --hash=sha256:a2ca3c73e5f060d4aca49451abd9fba68dd0e1c66ff40cea3a1fe0415def579a \
    --hash=sha256:a8b00956925fbdeffc7052cf933506391289f35ac4f3f71a0a167ec195cd47b4 \
    --hash=sha256:d5606af369484b862b4d5741cfc179e19d2b8819c3e04d210b8188e0c9f85988 \
    --hash=sha256:f449ea4431da20e7b86752cca8d166f93434516fe417f981c27e5f8e1b554407
    # via pyside6
pyside6-essentials==6.11.2 \
    --hash=sha256:77795c145202e65a78d88f7cd409d186e3ba23d159bdb3ba2dcd159ae5e5f0d9 \
    --hash=sha256:aaf9f25f0f324874085fa5b26a610318db8a8e243cf85bb3e5400595191c7778 \
    --hash=sha256:c8a29def77032773a30879f7f24415b5395ad08592d147c170824ef4c735dfc1 \
    --hash=sha256:d3ec6e1885c46e57f16364f38ea8040ffc5dc0b18341058f608fede3ba930567 \
    --hash=sha256:fadd75c5c20800d64dd0a586ea8cb337c5e630aa2246df0e5105738afa46e02c
    # via
    #   pyside6
    #   pyside6-addons
pysocks==1.7.1 \
    --hash=sha256:2725bd0a9925919b9b51739eea5f9e2bae91e83288108a9ad338b2e3a4435ee5 \
    --hash=sha256:3f8804571ebe159c380ac6de37643bb4685970655d3bba243530d6558b799aa0
    # via urllib3
pytest==8.4.2 \
    --hash=sha256:86c0d0b93306b961d58d62a4db4879f27fe25513d4b969df351abdddb3c30e01 \
    --hash=sha256:872f880de3fc3a5bdc88a11b39c9710c3497a547cfa9320bc3c5e62fbf272e79
python-bidi==0.6.11 \
    --hash=sha256:034090c597af250d699299d7e7f1e83eb016f9e47b3b707bd89ab2bdec77bce0 \
    --hash=sha256:0608bddcc1c53dfa5293499de13ca9935b31aa46d1c722c404a88c703d1a4e47 \
    --hash=sha256:239a00b2adb5f897d11d7b7a491d759fb9883e71a71cfd90c4147a733b4df4d3 \
    --hash=sha256:2d6970b09f5a3102c0aa192f5258c585742ab4ebd94f637a635ad3448ccba567 \
    --hash=sha256:3611d13b53d4c899c4f2a7cd8eb897064e8b5546c3c5d1037dd6209c82858a27 \
    --hash=sha256:495a76c881d78ab87b57c5270679c9bc3c1de36d8c6596d5e3a5a1b5f9c57471 \
    --hash=sha256:51915502898c45e9cb36636e974aca068fc5cdb9f06b794f49abea5b12f02016 \
    --hash=sha256:539d99efe02f4981171ed57bbc085094ef780405ca14663550a56c6c3e265c34 \
    --hash=sha256:6c92d1cad16f9ec2f2a3ae439a0bc3a8e4189ec227987bed03d5b4056d5eb9c5 \
    --hash=sha256:6ca92a4e460f7e25e434a6d7982d94a4765ca242f527995da70abb5a32003b8a \
    --hash=sha256:83ee87feb5eafc0442e1db0014dad20d52a2a7a140b6cddc8f7bc65918f0a7b4 \
    --hash=sha256:9435acc52438c3c8f5142b9a17a622927618e80a32eed707343bc375cb51cebe \
    --hash=sha256:9af2b5c26a3eb960699dff040535a86dc2c0f708087b2d63bcfd6452fe9d0664 \
    --hash=sha256:caee7ee3662eab1411b44fef8571b87273cb5235061d7463ebd10e412ac07986 \
    --hash=sha256:f99162d6c6c9522c46eb213f1bc932829c2602131676c92f081cb865b8ef6784
    # via paddlex
python-dateutil==2.9.0.post0 \
    --hash=sha256:37dd54208da7e1cd875388217d5e00ebd4179249f90fb72437e91a35459a0ad3 \
    --hash=sha256:a8b2bc7bffae282281c8140a97d3aa9c14da0b136dfe83f850eea9a5f7470427
    # via pandas
python-dotenv==1.2.3 \
    --hash=sha256:904552145e8bfed22162c09dab1c2b9b54fefa7b23ba780f4f26ca0316b0f0d9 \
    --hash=sha256:a20a594dabeaa385725aa239d5244871c143ecb356add8a20fcf23773a6c3a35
    # via
    #   mrtg-automation
    #   webdriver-manager
pyyaml==6.0.2 \
    --hash=sha256:0833f8694549e586547b576dcfaba4a6b55b9e96098b36cdc7ebefe667dfed48 \
    --hash=sha256:1f71ea527786de97d1a0cc0eacd1defc0985dcf6b3f17bb77dcfc8c34bec4dc5 \
    --hash=sha256:7e7401d0de89a9a855c839bc697c079a4af81cf878373abd7dc625847d25cbd8 \
    --hash=sha256:80bab7bfc629882493af4aa31a4cfa43a4c57c83813253626916b8c7ada83476 \
    --hash=sha256:8b9c7197f7cb2738065c481a0461e50ad02f18c78cd75775628afb4d7137fb3b \
    --hash=sha256:9b22676e8097e9e22e36d6b7bda33190d0d400f345f23d4065d48f4ca7ae0425 \
    --hash=sha256:c70c95198c015b85feafc136515252a261a84561b7b1d51e3384e0655ddf25ab \
    --hash=sha256:ce826d6ef20b1bc864f0a68340c8b3287705cae2f8b4b1d932177dcc76721725 \
    --hash=sha256:d584d9ec91ad65861cc08d42e834324ef890a082e591037abe114850ff7bbc3e \
    --hash=sha256:ef6107725bd54b262d6dedcc2af448a266975032bc85ef0172c5f059da6325b4
    # via
    #   huggingface-hub
    #   paddleocr
    #   paddlex
requests==2.34.2 \
    --hash=sha256:2a0d60c172f83ac6ab31e4554906c0f3b3588d37b5cb939b1c061f4907e278e0 \
    --hash=sha256:f288924cae4e29463698d6d60bc6a4da69c89185ad1e0bcc4104f584e960b9ed
    # via
    #   aistudio-sdk
    #   modelscope
    #   modelscope-hub
    #   paddleocr
    #   paddlex
    #   webdriver-manager
ruamel-yaml==0.19.1 \
    --hash=sha256:27592957fedf6e0b62f281e96effd28043345e0e66001f97683aa9a40c667c93 \
    --hash=sha256:53eb66cd27849eff968ebf8f0bf61f46cdac2da1d1f3576dd4ccee9b25c31993
    # via paddlex
ruff==0.16.6 \
    --hash=sha256:0700580ed5303723cb3c11c2f1d2a8913ce77b7ea86646dddb887f5417a9ba70 \
    --hash=sha256:0b87d9d16fcb63e8018423ca1d50b7260f15cb2da33e30db4baad4183a948c25 \
    --hash=sha256:10d21c51c3495d8eaea7b703a16592117ea6eb1d649e36335aa965ff1173eb39 \
    --hash=sha256:15f1d0b6e165a6e56567befb6629f8209271311d990bae0f37e6d065035ef5f3 \
    --hash=sha256:31b36f1e5ad85e0737f09d2be4e512e2e283583c14015da3b9dc07359ac0fc88 \
    --hash=sha256:56a67065e22efa6bc4d498299d3bb06c0c90aace8fac2068b5a12f9dc4d8d51d \
    --hash=sha256:61029b4ab4aa723fd3064fab96b1d814492596bf0c792679fffcbde1e1679953 \
    --hash=sha256:61c368c26bf8e973e5ab14a2772de587bc068ea3f9a277f673380749b4898fb8 \
    --hash=sha256:65a006baa18f33324325814c864daef03541d51564b98c517610ea756ab7003e \
    --hash=sha256:7a976c79b958f94e50a022a19f0f8c87387448020935ec14fc74331bd0a7f2c5 \
    --hash=sha256:7fbf89013f2bb3f6835a6038ff658dc8a1b38c98dc8e724b964168ad4e881876 \
    --hash=sha256:99b62ea33baf130f50368798d841f0d95527b6d817bf31817b65dd058f1d314c \
    --hash=sha256:9ac8998457832c2061709d900856b7ad271dace0cb41f346588d540162bfa718 \
    --hash=sha256:cd02a7bf1a21a8735228a3e8c95a9dc5cf86bd2a52194f4aaae2a5755b4de0f4 \
    --hash=sha256:d72c591a96986ee4268860e2b7235082129ca5e4cb9cbba653a4b57c11893757 \
    --hash=sha256:dcf8a73d2ff77e99dde91244b4da16feba7f14e6beeb4015dee7c5a909e99050 \
    --hash=sha256:e25cc89174874b176a157e4428d66761c2c0c006654419bf384f967f361ff1b1 \
    --hash=sha256:ecf4f068e2e123e43a26e9db4e19524cc56563912404e83bbfca375757e45a32
safetensors==0.8.0 \
    --hash=sha256:040070828e36dc8e122178bbbd5830ff9e97920affb84cbe0f46442497bed358 \
    --hash=sha256:096ec1a98435df7beb08853bb5aa9081a84f23d0adc67ed1a0a10550f608373f \
    --hash=sha256:2ddf52eac562eda224f99acfa7889d02968c1fd59a5b011ae7d8137c37e9c02d \
    --hash=sha256:3ae091f16662658bdc019a4ff6cb4c085bb7d725eb5978b183ffd265863b6d2d \
    --hash=sha256:4124502b78f03534117c848f87a39b8f31e577b15eff423bf8bfb95f2a8c30d0 \
    --hash=sha256:4a95ae2b05d7726d751da4ebf626a2ca782b706e101bd894c95bc2450b1cffcc \
    --hash=sha256:7a46e5ff292c356d6991e60942ba7f79817682d3a2cef0702136448cb9c4d235 \
    --hash=sha256:7bc0a787ba8a35be368ee3574edfa2b1ad389eebd0a72e482ae275490e3f6c98 \
    --hash=sha256:87eec7ffed2b809f05a398a8becb7d013f19f7837cd15d9748580d6cf30dbaf4 \
    --hash=sha256:8e080062fcde23be189565e1c3305d16751a218ecf9412c8601e64204eb6f846 \
    --hash=sha256:8e9f537aa183a38ace122d27303dcd986b26bd2a7591f9181d7f0c396f4677ca \
    --hash=sha256:c554f85858e05226d3c2828e32395e677434685d6d94594a41643361c5e837f0 \
    --hash=sha256:c80201d22cbf405b80647a60ada77bba06c8fba2da2743ba1e89cdcc39a81f25 \
    --hash=sha256:f7838e5135a406ad3e02efdcb8cf2e5397d368b0154537c4fec682dbc544d452 \
    --hash=sha256:fabaf3e0f18a6618d9b36560682562157f77c2b71fcffc7b432be2baed9d753d \
    --hash=sha256:fcdd41ec4628fee5799f807c73c353629130fbd942aa23d83c623dd6c9d52d78 \
    --hash=sha256:fd6f3f93c9a0a7cc2788ee63fb763353d4bd2e89b0751bc78fcf7dda00bea774
    # via paddlepaddle
selenium==4.48.0 \
    --hash=sha256:045c1ec054c94e3be6c10febc509aa513b4c05e9146d1a9cf3de5375ec6ca2a1 \
    --hash=sha256:b2a1d77019db92513e59aa2376710fe3d42b65a4d493dccd0c799c1a0d574d93
    # via mrtg-automation
setuptools==84.0.0 \
    --hash=sha256:51a52592b3b99e102b609654876bd65f19f999935166d1352678931132b0c670 \
    --hash=sha256:f4695c21257f0d9b537ec2692c941d02ee143b7cc1276941349a546573b2ef73
    # via modelscope
shapely==2.1.2 \
    --hash=sha256:0bd308103340030feef6c111d3eb98d50dc13feea33affc8a6f9fa549e9458a3 \
    --hash=sha256:1e7d4d7ad262a48bb44277ca12c7c78cb1b0f56b32c10734ec9a1d30c0b0c54b \
    --hash=sha256:2ed4ecb28320a433db18a5bf029986aa8afcfd740745e78847e330d5d94922a9 \
    --hash=sha256:743044b4cfb34f9a67205cee9279feaf60ba7d02e69febc2afc609047cb49179 \
    --hash=sha256:9111274b88e4d7b54a95218e243282709b330ef52b7b86bc6aaf4f805306f454 \
    --hash=sha256:980c777c612514c0cf99bc8a9de6d286f5e186dcaf9091252fcd444e5638193d \
    --hash=sha256:ba4d1333cc0bc94381d6d4308d2e4e008e0bd128bdcff5573199742ee3634359 \
    --hash=sha256:e9eddfe513096a71896441a7c37db72da0687b34752c4e193577a145c71736fc \
    --hash=sha256:fe2533caae6a91a543dec62e8360fe86ffcdc42a7c55f9dfd0128a977a896b94
    # via paddlex
shiboken6==6.11.2 \
    --hash=sha256:4bbbd6fa4d7cff5ec5e12bc4c10e1d845fa30c89457ecb13cc64f7bddb77f6f9 \
    --hash=sha256:53659683b1f7a08e9f87eff9b1065f1ceb7110cd7a4bc09fdf5efe43d286604d \
    --hash=sha256:6ab0eba1c904455df621f9a6df3ca2bb896bab8670572d2bc4e37804ae91f19a \
    --hash=sha256:7a7a0a72a9ed26c9bf77d42246b1c736486befb8f31aa2fb29957ea4cdd1c1c2 \
    --hash=sha256:97c49432488df958f0308736f3d15b6915d8826fc380af17bb4b9ec5c4a5e81b
    # via
    #   pyside6
    #   pyside6-addons
    #   pyside6-essentials
six==1.17.0 \
    --hash=sha256:4721f391ed90541fddacab5acf947aa0d3dc7d27b2e1e8eda2be8970586c3274 \
    --hash=sha256:ff70335d468e7eb6ec65b95b99d3a2836546063f63acc5171de367e834932a81
    # via
    #   bce-python-sdk
    #   python-dateutil
sniffio==1.3.1 \
    --hash=sha256:2f6da418d1f1e0fddd844478f41680e794e6051915791a034ff65e5f100525a2 \
    --hash=sha256:f4324edc670a0f49750a81b895f35c3adb843cca46f0530f79fc1babb23789dc
    # via trio
sortedcontainers==2.4.0 \
    --hash=sha256:25caa5a06cc30b6b83d11423433f65d1f9d76c4c6a0c90e3379eaa43b9bfdb88 \
    --hash=sha256:a163dcaede0f1c021485e957a39245190e74249897e2ae4b2aa38595db237ee0
    # via trio
tqdm==4.70.0 \
    --hash=sha256:55b0b0dbd97462d06ebee91e4dac24ed4d4702be82b24f07e6c1d27e08cea220 \
    --hash=sha256:7f585706bfddbdebf89daac705b2dfcc16890130727d3197ca62c732b4310953
    # via
    #   aistudio-sdk
    #   huggingface-hub
    #   modelscope
    #   modelscope-hub
trio==0.34.0 \
    --hash=sha256:63b9485408bdfdde544fced107045a8c0086cdc4bd0ef2f797b9e0dd111b964b \
    --hash=sha256:6c7c9f49917694dcdcd5f67abd168df5599eca480d61f29854d17a61a75c2f05
    # via
    #   selenium
    #   trio-websocket
trio-websocket==0.12.2 \
    --hash=sha256:22c72c436f3d1e264d0910a3951934798dcc5b00ae56fc4ee079d46c7cf20fae \
    --hash=sha256:df605665f1db533f4a386c94525870851096a223adcb97f72a07e8b4beba45b6
    # via selenium
typing-extensions==4.16.0 \
    --hash=sha256:481caa481374e813c1b176ada14e97f1f67a4539ce9cfeb3f350d78d6370c2e8 \
    --hash=sha256:dc983d19a509c94dba722ee6abd33940f7c05a89e243c47e907eb4db6f1a43e5
    # via
    #   anyio
    #   huggingface-hub
    #   mypy
    #   paddleocr
    #   paddlepaddle
    #   paddlex
    #   pydantic
    #   pydantic-core
    #   selenium
    #   typing-inspection
typing-inspection==0.4.4 \
    --hash=sha256:547274fa6b0a561ccf549cc9524b999a578e737d015d8709d021f9d0d13bea47 \
    --hash=sha256:65b8397ba37ccbce054456aaccddfc91e6e3083c92824df348d96ca832f3f147
    # via pydantic
tzdata==2026.3 ; sys_platform == 'emscripten' or sys_platform == 'win32' \
    --hash=sha256:4a1518b8993086a7982523e071643f3c0e5f213e75b21318e78bcabfff9d1415 \
    --hash=sha256:dc096730c87af6cab1b171c9d532be840741ff5d459015e7f6947bd7d7e54931
    # via pandas
ujson==6.0.0 \
    --hash=sha256:02148bd4706f42b063bb95f6cc309e16554fb4c250db4683688c0a3eb83048ad \
    --hash=sha256:0aa247eb50a52bb2190871ca8c2e0a96f8190bfdb1ebd68c70d1bf422f640b73 \
    --hash=sha256:0d6e29b91a0934ed9d22ee48aa91518523cd2ce1c6caee2810b439fb371b8439 \
    --hash=sha256:15aa57f6d0dafccd20f282f46f6a8d721d46c73fd9474f5ba996e9adc48d3177 \
    --hash=sha256:28ac884b58c62eacdb6ac67284475b3f19b8160dbacb723956e67a0c11e45014 \
    --hash=sha256:2a09d4ea9ee60c023220195b229ce2688479dbdcf51630acdd54ee75b27c0c00 \
    --hash=sha256:80e23393feb707582e0ad495c397a4477b646d08094d2df64f7316f9fafd8aae \
    --hash=sha256:8141cade37dabc5f090eb5e6a267eabb6b193078becdc82aaf10433196715c33 \
    --hash=sha256:8604968307105c3229ce0170e70bf3f172cf96f73c978b1afbc3d0ec8bdfcf86 \
    --hash=sha256:868856ea75794d952c773c506bb638e2a692bc5a8095cefebdcd98f43c79e772 \
    --hash=sha256:8cd9f7203c0b2aaed66809edf7e66aa3ab0fe3402e87b69a43b9dfd8d33125ab \
    --hash=sha256:921408c159b01d39d70e90252b8ab17f16594fc91f229e6f881642fb0ed24ae7 \
    --hash=sha256:9b59ead8dd9a96399cc38994d19720443a3cc626b730cbb4f414fb768b3e2816 \
    --hash=sha256:a054959ec07f2fd63b6e8a63019a6879262c4f1983a100545c5a0206eefe993e \
    --hash=sha256:aa03ac78c7806c6a391c037e0a63552e11532210b719bc062cddc00671a7577f \
    --hash=sha256:b305657e2ddc29a50b333053e7c7f431a8c24c92b7dcbbf7a420f2330152b486 \
    --hash=sha256:c51915961a51e37403fd94114e293d580dd916ddd1961b229217a87193d2454e \
    --hash=sha256:dd55ca435d6c3c7e4cb6d8a0a98a133d4fd1b67d9abf90449442d9f5a728a9ff \
    --hash=sha256:e0652b2110fc374c766cdfca4fad61f9d13a0ad60c5b335ef3fed509374557bc \
    --hash=sha256:e9359bfd0efd12593f0db40ccb2d1497284401da207f1d6a1783718313201b21
    # via paddlex
urllib3==2.7.0 \
    --hash=sha256:231e0ec3b63ceb14667c67be60f2f2c40a518cb38b03af60abc813da26505f4c \
    --hash=sha256:9fb4c81ebbb1ce9531cce37674bbc6f1360472bc18ca9a553ede278ef7276897
    # via
    #   modelscope
    #   modelscope-hub
    #   requests
    #   selenium
wcwidth==0.8.3 \
    --hash=sha256:d128512515fbf4612e0ff21fd6380399210318b7b54a9af59dff8454cf9730eb \
    --hash=sha256:d5b73dba6158a595ec9370350e7f2637bcac8d6c5e4fde34f30fcffb6103a5e4
    # via prettytable
webdriver-manager==4.1.2 \
    --hash=sha256:230515ff4dc4c2feff1add25306ca262421b31016d77ded305e8dd921266445f \
    --hash=sha256:552bbb4e6f95e6e8b772565d2023e7c0ec5ff1736db0b186922d0466fc78c3de
    # via mrtg-automation
websocket-client==1.9.2 \
    --hash=sha256:0fcb57545848be86992e128218fd96dd87a6769ffdb1a968dff79632b85604d0 \
    --hash=sha256:e1a673830a9c7bfa47b1cd3d5e4178f4c9651d80a4eab02c9c23a1c3ec6250ce
    # via selenium
wsproto==1.3.2 \
    --hash=sha256:61eea322cdf56e8cc904bd3ad7573359a242ba65688716b0710a5eb12beab584 \
    --hash=sha256:b86885dcf294e15204919950f666e06ffc6c7c114ca900b060d6e16293528294
    # via trio-websocket
